
Microsoft Visual Studio Solution File, Format Version 12.00
# Visual Studio 15
VisualStudioVersion = 15.0.28307.572
MinimumVisualStudioVersion = 10.0.40219.1
Project("{FAE04EC0-301F-11D3-BF4B-00C04F79EFBC}") = "archive", "archive\archive.csproj", "{D3513E18-ADF4-49B9-AFAD-5D3F80FF03EB}"
EndProject
Global
	GlobalSection(SolutionConfigurationPlatforms) = preSolution
		Debug|Any CPU = Debug|Any CPU
		Release|Any CPU = Release|Any CPU
	EndGlobalSection
	GlobalSection(ProjectConfigurationPlatforms) = postSolution
		{D3513E18-ADF4-49B9-AFAD-5D3F80FF03EB}.Debug|Any CPU.ActiveCfg = Debug|Any CPU
		{D3513E18-ADF4-49B9-AFAD-5D3F80FF03EB}.Debug|Any CPU.Build.0 = Debug|Any CPU
		{D3513E18-ADF4-49B9-AFAD-5D3F80FF03EB}.Release|Any CPU.ActiveCfg = Release|Any CPU
		{D3513E18-ADF4-49B9-AFAD-5D3F80FF03EB}.Release|Any CPU.Build.0 = Release|Any CPU
	EndGlobalSection
	GlobalSection(SolutionProperties) = preSolution
		HideSolutionNode = FALSE
	EndGlobalSection
	GlobalSection(ExtensibilityGlobals) = postSolution
		SolutionGuid = {50B7F4A9-6D3D-41E4-ADA3-A61D933CBA57}
	EndGlobalSection
EndGlobal
